
Microsoft Visual Studio Solution File, Format Version 12.00
# Visual Studio Version 16
VisualStudioVersion = 16.0.30709.132
MinimumVisualStudioVersion = 10.0.40219.1
Project("{FAE04EC0-301F-11D3-BF4B-00C04F79EFBC}") = "GraphicalProgram", "GraphicalProgram\GraphicalProgram.csproj", "{450100AD-C29A-47AB-8C5E-52AEEFB97ADA}"
EndProject
Project("{FAE04EC0-301F-11D3-BF4B-00C04F79EFBC}") = "UnitTestProject2", "UnitTestProject2\UnitTestProject2.csproj", "{BDC33AC8-4E5F-4A1B-8E95-F5D0800E7C1E}"
EndProject
Global
	GlobalSection(SolutionConfigurationPlatforms) = preSolution
		Debug|Any CPU = Debug|Any CPU
		Release|Any CPU = Release|Any CPU
	EndGlobalSection
	GlobalSection(ProjectConfigurationPlatforms) = postSolution
		{450100AD-C29A-47AB-8C5E-52AEEFB97ADA}.Debug|Any CPU.ActiveCfg = Debug|Any CPU
		{450100AD-C29A-47AB-8C5E-52AEEFB97ADA}.Debug|Any CPU.Build.0 = Debug|Any CPU
		{450100AD-C29A-47AB-8C5E-52AEEFB97ADA}.Release|Any CPU.ActiveCfg = Release|Any CPU
		{450100AD-C29A-47AB-8C5E-52AEEFB97ADA}.Release|Any CPU.Build.0 = Release|Any CPU
		{BDC33AC8-4E5F-4A1B-8E95-F5D0800E7C1E}.Debug|Any CPU.ActiveCfg = Debug|Any CPU
		{BDC33AC8-4E5F-4A1B-8E95-F5D0800E7C1E}.Debug|Any CPU.Build.0 = Debug|Any CPU
		{BDC33AC8-4E5F-4A1B-8E95-F5D0800E7C1E}.Release|Any CPU.ActiveCfg = Release|Any CPU
		{BDC33AC8-4E5F-4A1B-8E95-F5D0800E7C1E}.Release|Any CPU.Build.0 = Release|Any CPU
	EndGlobalSection
	GlobalSection(SolutionProperties) = preSolution
		HideSolutionNode = FALSE
	EndGlobalSection
	GlobalSection(ExtensibilityGlobals) = postSolution
		SolutionGuid = {F62796A1-6C93-4C93-AD65-7A9A0A24F50C}
	EndGlobalSection
EndGlobal
